
Microsoft Visual Studio Solution File, Format Version 12.00
# Visual Studio 15
VisualStudioVersion = 15.0.28307.136
MinimumVisualStudioVersion = 10.0.40219.1
Project("{FAE04EC0-301F-11D3-BF4B-00C04F79EFBC}") = "gongweiC01", "gongweiC01\gongweiC01.csproj", "{9B822FCF-B241-4725-A0B6-7A37F2B7C656}"
EndProject
Global
	GlobalSection(SolutionConfigurationPlatforms) = preSolution
		Debug|Any CPU = Debug|Any CPU
		Release|Any CPU = Release|Any CPU
	EndGlobalSection
	GlobalSection(ProjectConfigurationPlatforms) = postSolution
		{9B822FCF-B241-4725-A0B6-7A37F2B7C656}.Debug|Any CPU.ActiveCfg = Debug|Any CPU
		{9B822FCF-B241-4725-A0B6-7A37F2B7C656}.Debug|Any CPU.Build.0 = Debug|Any CPU
		{9B822FCF-B241-4725-A0B6-7A37F2B7C656}.Release|Any CPU.ActiveCfg = Release|Any CPU
		{9B822FCF-B241-4725-A0B6-7A37F2B7C656}.Release|Any CPU.Build.0 = Release|Any CPU
	EndGlobalSection
	GlobalSection(SolutionProperties) = preSolution
		HideSolutionNode = FALSE
	EndGlobalSection
	GlobalSection(ExtensibilityGlobals) = postSolution
		SolutionGuid = {3EF4E878-9E0F-48A4-9546-AFF36761DB44}
	EndGlobalSection
EndGlobal
